
Microsoft Visual Studio Solution File, Format Version 12.00
# Visual Studio Version 16
VisualStudioVersion = 16.0.30114.105
MinimumVisualStudioVersion = 10.0.40219.1
Project("{FAE04EC0-301F-11D3-BF4B-00C04F79EFBC}") = "EwidencjaWSK", "EwidencjaWSK\EwidencjaWSK.csproj", "{D8BA0947-67D5-47C2-9A61-CD913C477F61}"
EndProject
Project("{FAE04EC0-301F-11D3-BF4B-00C04F79EFBC}") = "UnitTests", "UnitTests\UnitTests.csproj", "{D8F849C0-8F39-4F26-AF51-B0604D111EEA}"
EndProject
Global
	GlobalSection(SolutionConfigurationPlatforms) = preSolution
		Debug|Any CPU = Debug|Any CPU
		Release|Any CPU = Release|Any CPU
	EndGlobalSection
	GlobalSection(ProjectConfigurationPlatforms) = postSolution
		{D8BA0947-67D5-47C2-9A61-CD913C477F61}.Debug|Any CPU.ActiveCfg = Debug|Any CPU
		{D8BA0947-67D5-47C2-9A61-CD913C477F61}.Debug|Any CPU.Build.0 = Debug|Any CPU
		{D8BA0947-67D5-47C2-9A61-CD913C477F61}.Release|Any CPU.ActiveCfg = Release|Any CPU
		{D8BA0947-67D5-47C2-9A61-CD913C477F61}.Release|Any CPU.Build.0 = Release|Any CPU
		{D8F849C0-8F39-4F26-AF51-B0604D111EEA}.Debug|Any CPU.ActiveCfg = Debug|Any CPU
		{D8F849C0-8F39-4F26-AF51-B0604D111EEA}.Debug|Any CPU.Build.0 = Debug|Any CPU
		{D8F849C0-8F39-4F26-AF51-B0604D111EEA}.Release|Any CPU.ActiveCfg = Release|Any CPU
		{D8F849C0-8F39-4F26-AF51-B0604D111EEA}.Release|Any CPU.Build.0 = Release|Any CPU
	EndGlobalSection
	GlobalSection(SolutionProperties) = preSolution
		HideSolutionNode = FALSE
	EndGlobalSection
	GlobalSection(ExtensibilityGlobals) = postSolution
		SolutionGuid = {4D41743B-5361-4BF5-B516-1A1CE19977D9}
	EndGlobalSection
EndGlobal
